
Microsoft Visual Studio Solution File, Format Version 12.00
# Visual Studio Version 16
VisualStudioVersion = 16.0.31112.23
MinimumVisualStudioVersion = 10.0.40219.1
Project("{9A19103F-16F7-4668-BE54-9A1E7A4F7556}") = "SimpleCalculatorAlpha", "SimpleCalculatorAlpha\SimpleCalculatorAlpha.csproj", "{B6FFB133-EC45-4D13-B2F8-A24825CAA093}"
EndProject
Project("{9A19103F-16F7-4668-BE54-9A1E7A4F7556}") = "SimpleCalculatorBeta", "SimpleCalculatorBeta\SimpleCalculatorBeta.csproj", "{6A998015-6CF8-47E5-8596-98B82CB3B921}"
EndProject
Project("{FAE04EC0-301F-11D3-BF4B-00C04F79EFBC}") = "SimpleCalculatorGamma", "SimpleCalculatorGamma\SimpleCalculatorGamma.csproj", "{26F5C4FA-3CD9-45AC-A9DA-C12DC0689DA3}"
EndProject
Global
	GlobalSection(SolutionConfigurationPlatforms) = preSolution
		Debug|Any CPU = Debug|Any CPU
		Release|Any CPU = Release|Any CPU
	EndGlobalSection
	GlobalSection(ProjectConfigurationPlatforms) = postSolution
		{B6FFB133-EC45-4D13-B2F8-A24825CAA093}.Debug|Any CPU.ActiveCfg = Debug|Any CPU
		{B6FFB133-EC45-4D13-B2F8-A24825CAA093}.Debug|Any CPU.Build.0 = Debug|Any CPU
		{B6FFB133-EC45-4D13-B2F8-A24825CAA093}.Release|Any CPU.ActiveCfg = Release|Any CPU
		{B6FFB133-EC45-4D13-B2F8-A24825CAA093}.Release|Any CPU.Build.0 = Release|Any CPU
		{6A998015-6CF8-47E5-8596-98B82CB3B921}.Debug|Any CPU.ActiveCfg = Debug|Any CPU
		{6A998015-6CF8-47E5-8596-98B82CB3B921}.Debug|Any CPU.Build.0 = Debug|Any CPU
		{6A998015-6CF8-47E5-8596-98B82CB3B921}.Release|Any CPU.ActiveCfg = Release|Any CPU
		{6A998015-6CF8-47E5-8596-98B82CB3B921}.Release|Any CPU.Build.0 = Release|Any CPU
		{26F5C4FA-3CD9-45AC-A9DA-C12DC0689DA3}.Debug|Any CPU.ActiveCfg = Debug|Any CPU
		{26F5C4FA-3CD9-45AC-A9DA-C12DC0689DA3}.Debug|Any CPU.Build.0 = Debug|Any CPU
		{26F5C4FA-3CD9-45AC-A9DA-C12DC0689DA3}.Release|Any CPU.ActiveCfg = Release|Any CPU
		{26F5C4FA-3CD9-45AC-A9DA-C12DC0689DA3}.Release|Any CPU.Build.0 = Release|Any CPU
	EndGlobalSection
	GlobalSection(SolutionProperties) = preSolution
		HideSolutionNode = FALSE
	EndGlobalSection
	GlobalSection(ExtensibilityGlobals) = postSolution
		SolutionGuid = {B588EB1A-58A4-4E1B-A3DA-EE7F1BFB29BB}
	EndGlobalSection
EndGlobal
