
Microsoft Visual Studio Solution File, Format Version 12.00
# Visual Studio Version 16
VisualStudioVersion = 16.0.31112.23
MinimumVisualStudioVersion = 10.0.40219.1
Project("{FAE04EC0-301F-11D3-BF4B-00C04F79EFBC}") = "VariableOperator.Demo", "VariableOperator.Demo\VariableOperator.Demo.csproj", "{FEFBB7A8-F6D8-4812-BFB1-5356564F1E2C}"
EndProject
Project("{FAE04EC0-301F-11D3-BF4B-00C04F79EFBC}") = "VariableOperator.Exercise", "VariableOperator.Exercise\VariableOperator.Exercise.csproj", "{B1CF9A2F-0715-44E0-82EA-596FC87F7DCB}"
EndProject
Global
	GlobalSection(SolutionConfigurationPlatforms) = preSolution
		Debug|Any CPU = Debug|Any CPU
		Release|Any CPU = Release|Any CPU
	EndGlobalSection
	GlobalSection(ProjectConfigurationPlatforms) = postSolution
		{FEFBB7A8-F6D8-4812-BFB1-5356564F1E2C}.Debug|Any CPU.ActiveCfg = Debug|Any CPU
		{FEFBB7A8-F6D8-4812-BFB1-5356564F1E2C}.Debug|Any CPU.Build.0 = Debug|Any CPU
		{FEFBB7A8-F6D8-4812-BFB1-5356564F1E2C}.Release|Any CPU.ActiveCfg = Release|Any CPU
		{FEFBB7A8-F6D8-4812-BFB1-5356564F1E2C}.Release|Any CPU.Build.0 = Release|Any CPU
		{B1CF9A2F-0715-44E0-82EA-596FC87F7DCB}.Debug|Any CPU.ActiveCfg = Debug|Any CPU
		{B1CF9A2F-0715-44E0-82EA-596FC87F7DCB}.Debug|Any CPU.Build.0 = Debug|Any CPU
		{B1CF9A2F-0715-44E0-82EA-596FC87F7DCB}.Release|Any CPU.ActiveCfg = Release|Any CPU
		{B1CF9A2F-0715-44E0-82EA-596FC87F7DCB}.Release|Any CPU.Build.0 = Release|Any CPU
	EndGlobalSection
	GlobalSection(SolutionProperties) = preSolution
		HideSolutionNode = FALSE
	EndGlobalSection
	GlobalSection(ExtensibilityGlobals) = postSolution
		SolutionGuid = {B9E37FD2-9D28-4EF1-B220-8D167A25A4FB}
	EndGlobalSection
EndGlobal
