
Microsoft Visual Studio Solution File, Format Version 12.00
# Visual Studio Version 16
VisualStudioVersion = 16.0.31112.23
MinimumVisualStudioVersion = 10.0.40219.1
Project("{FAE04EC0-301F-11D3-BF4B-00C04F79EFBC}") = "RecordType", "RecordType\RecordType.csproj", "{70602C9F-0AA6-48AB-9E29-D785A4A57CE4}"
EndProject
Global
	GlobalSection(SolutionConfigurationPlatforms) = preSolution
		Debug|Any CPU = Debug|Any CPU
		Release|Any CPU = Release|Any CPU
	EndGlobalSection
	GlobalSection(ProjectConfigurationPlatforms) = postSolution
		{70602C9F-0AA6-48AB-9E29-D785A4A57CE4}.Debug|Any CPU.ActiveCfg = Debug|Any CPU
		{70602C9F-0AA6-48AB-9E29-D785A4A57CE4}.Debug|Any CPU.Build.0 = Debug|Any CPU
		{70602C9F-0AA6-48AB-9E29-D785A4A57CE4}.Release|Any CPU.ActiveCfg = Release|Any CPU
		{70602C9F-0AA6-48AB-9E29-D785A4A57CE4}.Release|Any CPU.Build.0 = Release|Any CPU
	EndGlobalSection
	GlobalSection(SolutionProperties) = preSolution
		HideSolutionNode = FALSE
	EndGlobalSection
	GlobalSection(ExtensibilityGlobals) = postSolution
		SolutionGuid = {68D69069-E9BC-4FEB-BE04-B76E700B582F}
	EndGlobalSection
EndGlobal
