
Microsoft Visual Studio Solution File, Format Version 12.00
# Visual Studio Version 17
VisualStudioVersion = 17.2.32616.157
MinimumVisualStudioVersion = 10.0.40219.1
Project("{FAE04EC0-301F-11D3-BF4B-00C04F79EFBC}") = "CommandCursorSample", "CommandCursorSample\CommandCursorSample.csproj", "{DAD7588A-ADD0-4B4C-BC88-636F3C15A606}"
EndProject
Global
	GlobalSection(SolutionConfigurationPlatforms) = preSolution
		Debug|Any CPU = Debug|Any CPU
		Release|Any CPU = Release|Any CPU
	EndGlobalSection
	GlobalSection(ProjectConfigurationPlatforms) = postSolution
		{DAD7588A-ADD0-4B4C-BC88-636F3C15A606}.Debug|Any CPU.ActiveCfg = Debug|Any CPU
		{DAD7588A-ADD0-4B4C-BC88-636F3C15A606}.Debug|Any CPU.Build.0 = Debug|Any CPU
		{DAD7588A-ADD0-4B4C-BC88-636F3C15A606}.Release|Any CPU.ActiveCfg = Release|Any CPU
		{DAD7588A-ADD0-4B4C-BC88-636F3C15A606}.Release|Any CPU.Build.0 = Release|Any CPU
	EndGlobalSection
	GlobalSection(SolutionProperties) = preSolution
		HideSolutionNode = FALSE
	EndGlobalSection
	GlobalSection(ExtensibilityGlobals) = postSolution
		SolutionGuid = {D4F6E007-EC5C-4161-A6CD-475F51F18366}
	EndGlobalSection
EndGlobal
