
Microsoft Visual Studio Solution File, Format Version 12.00
# Visual Studio Version 17
VisualStudioVersion = 17.2.32616.157
MinimumVisualStudioVersion = 10.0.40219.1
Project("{FAE04EC0-301F-11D3-BF4B-00C04F79EFBC}") = "SaveLoadSample", "SaveLoadSample\SaveLoadSample.csproj", "{5CF82993-3877-4CFA-A0C2-4ACDA7912E52}"
EndProject
Global
	GlobalSection(SolutionConfigurationPlatforms) = preSolution
		Debug|Any CPU = Debug|Any CPU
		Release|Any CPU = Release|Any CPU
	EndGlobalSection
	GlobalSection(ProjectConfigurationPlatforms) = postSolution
		{5CF82993-3877-4CFA-A0C2-4ACDA7912E52}.Debug|Any CPU.ActiveCfg = Debug|Any CPU
		{5CF82993-3877-4CFA-A0C2-4ACDA7912E52}.Debug|Any CPU.Build.0 = Debug|Any CPU
		{5CF82993-3877-4CFA-A0C2-4ACDA7912E52}.Release|Any CPU.ActiveCfg = Release|Any CPU
		{5CF82993-3877-4CFA-A0C2-4ACDA7912E52}.Release|Any CPU.Build.0 = Release|Any CPU
	EndGlobalSection
	GlobalSection(SolutionProperties) = preSolution
		HideSolutionNode = FALSE
	EndGlobalSection
	GlobalSection(ExtensibilityGlobals) = postSolution
		SolutionGuid = {86DE2332-4422-48BE-96C5-307F1C786B70}
	EndGlobalSection
EndGlobal
