
Microsoft Visual Studio Solution File, Format Version 12.00
# Visual Studio Version 17
VisualStudioVersion = 17.2.32630.192
MinimumVisualStudioVersion = 10.0.40219.1
Project("{9A19103F-16F7-4668-BE54-9A1E7A4F7556}") = "SimpleChatApp", "SimpleChatApp\SimpleChatApp.csproj", "{5393395C-57B8-4F53-B706-DAB45AE7B6E3}"
EndProject
Project("{FAE04EC0-301F-11D3-BF4B-00C04F79EFBC}") = "PasswordGenerator", "PasswordGenerator\PasswordGenerator.csproj", "{30A5744F-5DB1-4966-A3DA-CD0C29B5AB2C}"
EndProject
Global
	GlobalSection(SolutionConfigurationPlatforms) = preSolution
		Debug|Any CPU = Debug|Any CPU
		Release|Any CPU = Release|Any CPU
	EndGlobalSection
	GlobalSection(ProjectConfigurationPlatforms) = postSolution
		{5393395C-57B8-4F53-B706-DAB45AE7B6E3}.Debug|Any CPU.ActiveCfg = Debug|Any CPU
		{5393395C-57B8-4F53-B706-DAB45AE7B6E3}.Debug|Any CPU.Build.0 = Debug|Any CPU
		{5393395C-57B8-4F53-B706-DAB45AE7B6E3}.Release|Any CPU.ActiveCfg = Release|Any CPU
		{5393395C-57B8-4F53-B706-DAB45AE7B6E3}.Release|Any CPU.Build.0 = Release|Any CPU
		{30A5744F-5DB1-4966-A3DA-CD0C29B5AB2C}.Debug|Any CPU.ActiveCfg = Debug|Any CPU
		{30A5744F-5DB1-4966-A3DA-CD0C29B5AB2C}.Debug|Any CPU.Build.0 = Debug|Any CPU
		{30A5744F-5DB1-4966-A3DA-CD0C29B5AB2C}.Release|Any CPU.ActiveCfg = Release|Any CPU
		{30A5744F-5DB1-4966-A3DA-CD0C29B5AB2C}.Release|Any CPU.Build.0 = Release|Any CPU
	EndGlobalSection
	GlobalSection(SolutionProperties) = preSolution
		HideSolutionNode = FALSE
	EndGlobalSection
	GlobalSection(ExtensibilityGlobals) = postSolution
		SolutionGuid = {CFC4E8F9-6B62-4028-80A3-834A8768515A}
	EndGlobalSection
EndGlobal
