
Microsoft Visual Studio Solution File, Format Version 12.00
# Visual Studio Version 17
VisualStudioVersion = 17.2.32505.173
MinimumVisualStudioVersion = 10.0.40219.1
Project("{FAE04EC0-301F-11D3-BF4B-00C04F79EFBC}") = "ComboBoxSample", "ComboBoxSample\ComboBoxSample.csproj", "{63B78E67-908C-4E59-92F4-F77EADF568D0}"
EndProject
Global
	GlobalSection(SolutionConfigurationPlatforms) = preSolution
		Debug|Any CPU = Debug|Any CPU
		Release|Any CPU = Release|Any CPU
	EndGlobalSection
	GlobalSection(ProjectConfigurationPlatforms) = postSolution
		{63B78E67-908C-4E59-92F4-F77EADF568D0}.Debug|Any CPU.ActiveCfg = Debug|Any CPU
		{63B78E67-908C-4E59-92F4-F77EADF568D0}.Debug|Any CPU.Build.0 = Debug|Any CPU
		{63B78E67-908C-4E59-92F4-F77EADF568D0}.Release|Any CPU.ActiveCfg = Release|Any CPU
		{63B78E67-908C-4E59-92F4-F77EADF568D0}.Release|Any CPU.Build.0 = Release|Any CPU
	EndGlobalSection
	GlobalSection(SolutionProperties) = preSolution
		HideSolutionNode = FALSE
	EndGlobalSection
	GlobalSection(ExtensibilityGlobals) = postSolution
		SolutionGuid = {92FA184B-CD75-4B76-83FF-13A7F2E48143}
	EndGlobalSection
EndGlobal
