
Microsoft Visual Studio Solution File, Format Version 12.00
# Visual Studio Version 17
VisualStudioVersion = 17.2.32505.173
MinimumVisualStudioVersion = 10.0.40219.1
Project("{FAE04EC0-301F-11D3-BF4B-00C04F79EFBC}") = "DataGridViewSample", "DataGridViewSample\DataGridViewSample.csproj", "{78015E9D-67C7-476A-8C07-34A5F5A93E55}"
EndProject
Global
	GlobalSection(SolutionConfigurationPlatforms) = preSolution
		Debug|Any CPU = Debug|Any CPU
		Release|Any CPU = Release|Any CPU
	EndGlobalSection
	GlobalSection(ProjectConfigurationPlatforms) = postSolution
		{78015E9D-67C7-476A-8C07-34A5F5A93E55}.Debug|Any CPU.ActiveCfg = Debug|Any CPU
		{78015E9D-67C7-476A-8C07-34A5F5A93E55}.Debug|Any CPU.Build.0 = Debug|Any CPU
		{78015E9D-67C7-476A-8C07-34A5F5A93E55}.Release|Any CPU.ActiveCfg = Release|Any CPU
		{78015E9D-67C7-476A-8C07-34A5F5A93E55}.Release|Any CPU.Build.0 = Release|Any CPU
	EndGlobalSection
	GlobalSection(SolutionProperties) = preSolution
		HideSolutionNode = FALSE
	EndGlobalSection
	GlobalSection(ExtensibilityGlobals) = postSolution
		SolutionGuid = {F3713A94-936F-41CA-84B3-EAAD31702F80}
	EndGlobalSection
EndGlobal
